Microsoft Visual Studio Solution File, Format Version 12.00
# Visual Studio Version 17
VisualStudioVersion = 17.4.33205.214
MinimumVisualStudioVersion = 10.0.40219.1
Project("{2150E333-8FDC-42A3-9474-1A3956D46DE8}") = ".solution", ".solution", "{1E8F7AFD-5175-406A-9736-817C75DA1142}"
	ProjectSection(SolutionItems) = preProject
		.editorconfig = .editorconfig
		appveyor.yml = appveyor.yml
		CHANGELOG.md = CHANGELOG.md
		README.md = README.md
		RunGenerate.bat = RunGenerate.bat
	EndProjectSection
EndProject
Project("{2150E333-8FDC-42A3-9474-1A3956D46DE8}") = "test", "test", "{30626644-0E8A-4610-A0A9-274E91F1A037}"
EndProject
Project("{2150E333-8FDC-42A3-9474-1A3956D46DE8}") = "src", "src", "{E11DD8FA-FBC7-490C-88B7-15DB073FD903}"
EndProject
Project("{2150E333-8FDC-42A3-9474-1A3956D46DE8}") = "samples", "samples", "{B9FF7D5E-784B-4C4A-B6E6-286C1E3D131E}"
EndProject
Project("{9A19103F-16F7-4668-BE54-9A1E7A4F7556}") = "R4Mvc", "src\R4Mvc\R4Mvc.csproj", "{0DF253A4-4093-4299-98A1-D28175DFEE34}"
EndProject
Project("{9A19103F-16F7-4668-BE54-9A1E7A4F7556}") = "R4Mvc.Test", "test\R4Mvc.Test\R4Mvc.Test.csproj", "{CFE51159-0850-415A-BAD0-FBFF607E772F}"
EndProject
Project("{9A19103F-16F7-4668-BE54-9A1E7A4F7556}") = "R4Mvc.Tools", "src\R4Mvc.Tools\R4Mvc.Tools.csproj", "{1673B75E-E97D-4770-A1E3-86CF3C50A5E8}"
EndProject
Project("{9A19103F-16F7-4668-BE54-9A1E7A4F7556}") = "R4Mvc.Tools.Cli", "src\R4Mvc.Tools.Cli\R4Mvc.Tools.Cli.csproj", "{5AB61036-8938-4F03-84BD-BB5D2D8F4CDA}"
EndProject
Project("{9A19103F-16F7-4668-BE54-9A1E7A4F7556}") = "AspNetSimple", "samples\AspNetSimple\AspNetSimple.csproj", "{D8F18816-A3E6-4A59-8495-D2FC9D8413E2}"
EndProject
Project("{9A19103F-16F7-4668-BE54-9A1E7A4F7556}") = "AspNetFeatureFolders", "samples\AspNetFeatureFolders\AspNetFeatureFolders.csproj", "{86B3FF8A-284E-4070-9120-D343366B18E2}"
EndProject
Project("{9A19103F-16F7-4668-BE54-9A1E7A4F7556}") = "AspNetSimple.Test", "test\AspNetSimple.Test\AspNetSimple.Test.csproj", "{75510011-133B-4A05-AD09-A399CDBFA3A5}"
EndProject
Project("{9A19103F-16F7-4668-BE54-9A1E7A4F7556}") = "SampleModels", "samples\SampleModels\SampleModels.csproj", "{8F6D7DDE-98A0-4808-BD91-C1CF2E0AAC69}"
EndProject
Global
	GlobalSection(SolutionConfigurationPlatforms) = preSolution
		Debug|Any CPU = Debug|Any CPU
		Release|Any CPU = Release|Any CPU
	EndGlobalSection
	GlobalSection(ProjectConfigurationPlatforms) = postSolution
		{0DF253A4-4093-4299-98A1-D28175DFEE34}.Debug|Any CPU.ActiveCfg = Debug|Any CPU
		{0DF253A4-4093-4299-98A1-D28175DFEE34}.Debug|Any CPU.Build.0 = Debug|Any CPU
		{0DF253A4-4093-4299-98A1-D28175DFEE34}.Release|Any CPU.ActiveCfg = Release|Any CPU
		{0DF253A4-4093-4299-98A1-D28175DFEE34}.Release|Any CPU.Build.0 = Release|Any CPU
		{CFE51159-0850-415A-BAD0-FBFF607E772F}.Debug|Any CPU.ActiveCfg = Debug|Any CPU
		{CFE51159-0850-415A-BAD0-FBFF607E772F}.Debug|Any CPU.Build.0 = Debug|Any CPU
		{CFE51159-0850-415A-BAD0-FBFF607E772F}.Release|Any CPU.ActiveCfg = Release|Any CPU
		{CFE51159-0850-415A-BAD0-FBFF607E772F}.Release|Any CPU.Build.0 = Release|Any CPU
		{1673B75E-E97D-4770-A1E3-86CF3C50A5E8}.Debug|Any CPU.ActiveCfg = Debug|Any CPU
		{1673B75E-E97D-4770-A1E3-86CF3C50A5E8}.Debug|Any CPU.Build.0 = Debug|Any CPU
		{1673B75E-E97D-4770-A1E3-86CF3C50A5E8}.Release|Any CPU.ActiveCfg = Release|Any CPU
		{1673B75E-E97D-4770-A1E3-86CF3C50A5E8}.Release|Any CPU.Build.0 = Release|Any CPU
		{5AB61036-8938-4F03-84BD-BB5D2D8F4CDA}.Debug|Any CPU.ActiveCfg = Debug|Any CPU
		{5AB61036-8938-4F03-84BD-BB5D2D8F4CDA}.Debug|Any CPU.Build.0 = Debug|Any CPU
		{5AB61036-8938-4F03-84BD-BB5D2D8F4CDA}.Release|Any CPU.ActiveCfg = Release|Any CPU
		{5AB61036-8938-4F03-84BD-BB5D2D8F4CDA}.Release|Any CPU.Build.0 = Release|Any CPU
		{D8F18816-A3E6-4A59-8495-D2FC9D8413E2}.Debug|Any CPU.ActiveCfg = Debug|Any CPU
		{D8F18816-A3E6-4A59-8495-D2FC9D8413E2}.Debug|Any CPU.Build.0 = Debug|Any CPU
		{D8F18816-A3E6-4A59-8495-D2FC9D8413E2}.Release|Any CPU.ActiveCfg = Release|Any CPU
		{D8F18816-A3E6-4A59-8495-D2FC9D8413E2}.Release|Any CPU.Build.0 = Release|Any CPU
		{86B3FF8A-284E-4070-9120-D343366B18E2}.Debug|Any CPU.ActiveCfg = Debug|Any CPU
		{86B3FF8A-284E-4070-9120-D343366B18E2}.Debug|Any CPU.Build.0 = Debug|Any CPU
		{86B3FF8A-284E-4070-9120-D343366B18E2}.Release|Any CPU.ActiveCfg = Release|Any CPU
		{86B3FF8A-284E-4070-9120-D343366B18E2}.Release|Any CPU.Build.0 = Release|Any CPU
		{75510011-133B-4A05-AD09-A399CDBFA3A5}.Debug|Any CPU.ActiveCfg = Debug|Any CPU
		{75510011-133B-4A05-AD09-A399CDBFA3A5}.Debug|Any CPU.Build.0 = Debug|Any CPU
		{75510011-133B-4A05-AD09-A399CDBFA3A5}.Release|Any CPU.ActiveCfg = Release|Any CPU
		{75510011-133B-4A05-AD09-A399CDBFA3A5}.Release|Any CPU.Build.0 = Release|Any CPU
		{8F6D7DDE-98A0-4808-BD91-C1CF2E0AAC69}.Debug|Any CPU.ActiveCfg = Debug|Any CPU
		{8F6D7DDE-98A0-4808-BD91-C1CF2E0AAC69}.Debug|Any CPU.Build.0 = Debug|Any CPU
		{8F6D7DDE-98A0-4808-BD91-C1CF2E0AAC69}.Release|Any CPU.ActiveCfg = Release|Any CPU
		{8F6D7DDE-98A0-4808-BD91-C1CF2E0AAC69}.Release|Any CPU.Build.0 = Release|Any CPU
	EndGlobalSection
	GlobalSection(SolutionProperties) = preSolution
		HideSolutionNode = FALSE
	EndGlobalSection
	GlobalSection(NestedProjects) = preSolution
		{0DF253A4-4093-4299-98A1-D28175DFEE34} = {E11DD8FA-FBC7-490C-88B7-15DB073FD903}
		{CFE51159-0850-415A-BAD0-FBFF607E772F} = {30626644-0E8A-4610-A0A9-274E91F1A037}
		{1673B75E-E97D-4770-A1E3-86CF3C50A5E8} = {E11DD8FA-FBC7-490C-88B7-15DB073FD903}
		{5AB61036-8938-4F03-84BD-BB5D2D8F4CDA} = {E11DD8FA-FBC7-490C-88B7-15DB073FD903}
		{D8F18816-A3E6-4A59-8495-D2FC9D8413E2} = {B9FF7D5E-784B-4C4A-B6E6-286C1E3D131E}
		{86B3FF8A-284E-4070-9120-D343366B18E2} = {B9FF7D5E-784B-4C4A-B6E6-286C1E3D131E}
		{75510011-133B-4A05-AD09-A399CDBFA3A5} = {30626644-0E8A-4610-A0A9-274E91F1A037}
		{8F6D7DDE-98A0-4808-BD91-C1CF2E0AAC69} = {B9FF7D5E-784B-4C4A-B6E6-286C1E3D131E}
	EndGlobalSection
	GlobalSection(ExtensibilityGlobals) = postSolution
		SolutionGuid = {B90C19F2-2B5E-42AD-AE1D-27AD17E4DDB4}
	EndGlobalSection
EndGlobal
