
Microsoft Visual Studio Solution File, Format Version 12.00
# Visual Studio 15
VisualStudioVersion = 15.0.26730.0
MinimumVisualStudioVersion = 10.0.40219.1
Project("{2150E333-8FDC-42A3-9474-1A3956D46DE8}") = ".solution", ".solution", "{1E8F7AFD-5175-406A-9736-817C75DA1142}"
	ProjectSection(SolutionItems) = preProject
		.editorconfig = .editorconfig
		appveyor.yml = appveyor.yml
		CHANGELOG.md = CHANGELOG.md
		README.md = README.md
	EndProjectSection
EndProject
Project("{2150E333-8FDC-42A3-9474-1A3956D46DE8}") = "test", "test", "{30626644-0E8A-4610-A0A9-274E91F1A037}"
EndProject
Project("{2150E333-8FDC-42A3-9474-1A3956D46DE8}") = "src", "src", "{E11DD8FA-FBC7-490C-88B7-15DB073FD903}"
EndProject
Project("{9A19103F-16F7-4668-BE54-9A1E7A4F7556}") = "R4Mvc", "src\R4Mvc\R4Mvc.csproj", "{0DF253A4-4093-4299-98A1-D28175DFEE34}"
EndProject
Project("{9A19103F-16F7-4668-BE54-9A1E7A4F7556}") = "R4MvcHostApp", "src\R4MvcHostApp\R4MvcHostApp.csproj", "{60691734-BD6C-4BED-8FAE-77E324C76574}"
EndProject
Project("{9A19103F-16F7-4668-BE54-9A1E7A4F7556}") = "R4Mvc.Test", "test\R4Mvc.Test\R4Mvc.Test.csproj", "{CFE51159-0850-415A-BAD0-FBFF607E772F}"
EndProject
Project("{9A19103F-16F7-4668-BE54-9A1E7A4F7556}") = "R4Mvc.Tools", "src\R4Mvc.Tools\R4Mvc.Tools.csproj", "{1673B75E-E97D-4770-A1E3-86CF3C50A5E8}"
EndProject
Global
	GlobalSection(SolutionConfigurationPlatforms) = preSolution
		Debug|Any CPU = Debug|Any CPU
		Release|Any CPU = Release|Any CPU
	EndGlobalSection
	GlobalSection(ProjectConfigurationPlatforms) = postSolution
		{0DF253A4-4093-4299-98A1-D28175DFEE34}.Debug|Any CPU.ActiveCfg = Debug|Any CPU
		{0DF253A4-4093-4299-98A1-D28175DFEE34}.Debug|Any CPU.Build.0 = Debug|Any CPU
		{0DF253A4-4093-4299-98A1-D28175DFEE34}.Release|Any CPU.ActiveCfg = Release|Any CPU
		{0DF253A4-4093-4299-98A1-D28175DFEE34}.Release|Any CPU.Build.0 = Release|Any CPU
		{60691734-BD6C-4BED-8FAE-77E324C76574}.Debug|Any CPU.ActiveCfg = Debug|Any CPU
		{60691734-BD6C-4BED-8FAE-77E324C76574}.Debug|Any CPU.Build.0 = Debug|Any CPU
		{60691734-BD6C-4BED-8FAE-77E324C76574}.Release|Any CPU.ActiveCfg = Release|Any CPU
		{60691734-BD6C-4BED-8FAE-77E324C76574}.Release|Any CPU.Build.0 = Release|Any CPU
		{CFE51159-0850-415A-BAD0-FBFF607E772F}.Debug|Any CPU.ActiveCfg = Debug|Any CPU
		{CFE51159-0850-415A-BAD0-FBFF607E772F}.Debug|Any CPU.Build.0 = Debug|Any CPU
		{CFE51159-0850-415A-BAD0-FBFF607E772F}.Release|Any CPU.ActiveCfg = Release|Any CPU
		{CFE51159-0850-415A-BAD0-FBFF607E772F}.Release|Any CPU.Build.0 = Release|Any CPU
		{1673B75E-E97D-4770-A1E3-86CF3C50A5E8}.Debug|Any CPU.ActiveCfg = Debug|Any CPU
		{1673B75E-E97D-4770-A1E3-86CF3C50A5E8}.Debug|Any CPU.Build.0 = Debug|Any CPU
		{1673B75E-E97D-4770-A1E3-86CF3C50A5E8}.Release|Any CPU.ActiveCfg = Release|Any CPU
		{1673B75E-E97D-4770-A1E3-86CF3C50A5E8}.Release|Any CPU.Build.0 = Release|Any CPU
	EndGlobalSection
	GlobalSection(SolutionProperties) = preSolution
		HideSolutionNode = FALSE
	EndGlobalSection
	GlobalSection(NestedProjects) = preSolution
		{0DF253A4-4093-4299-98A1-D28175DFEE34} = {E11DD8FA-FBC7-490C-88B7-15DB073FD903}
		{60691734-BD6C-4BED-8FAE-77E324C76574} = {E11DD8FA-FBC7-490C-88B7-15DB073FD903}
		{CFE51159-0850-415A-BAD0-FBFF607E772F} = {30626644-0E8A-4610-A0A9-274E91F1A037}
		{1673B75E-E97D-4770-A1E3-86CF3C50A5E8} = {E11DD8FA-FBC7-490C-88B7-15DB073FD903}
	EndGlobalSection
EndGlobal
